// !$*UTF8*$!
{
	archiveVersion = 1;
	classes = {
	};
	objectVersion = 50;
	objects = {

/* Begin PBXBuildFile section */
		F35FD700256D45AA004A8194 /* AppDelegate.swift in Sources */ = {isa = PBXBuildFile; fileRef = F35FD6FF256D45AA004A8194 /* AppDelegate.swift */; };
		F35FD71E256D484C004A8194 /* main.swift in Sources */ = {isa = PBXBuildFile; fileRef = F35FD71D256D484C004A8194 /* main.swift */; };
		F37D928C256C460F003E18D1 /* MainView.swift in Sources */ = {isa = PBXBuildFile; fileRef = F37D928B256C460F003E18D1 /* MainView.swift */; };
		F37D928E256C4690003E18D1 /* App.swift in Sources */ = {isa = PBXBuildFile; fileRef = F37D928D256C4690003E18D1 /* App.swift */; };
		F39BD056256D4F610001719E /* MainMenu.xib in Resources */ = {isa = PBXBuildFile; fileRef = F39BD055256D4F610001719E /* MainMenu.xib */; };
		F3ACE013256BB5D4009D6F8A /* LineBreaker.swift in Sources */ = {isa = PBXBuildFile; fileRef = F3ACE012256BB5D4009D6F8A /* LineBreaker.swift */; };
		F3B469FC256D307800260402 /* MainViewModel.swift in Sources */ = {isa = PBXBuildFile; fileRef = F3B469FB256D307800260402 /* MainViewModel.swift */; };
		F3B469FE256D30F900260402 /* Bundle+Version.swift in Sources */ = {isa = PBXBuildFile; fileRef = F3B469FD256D30F900260402 /* Bundle+Version.swift */; };
		F3C514B0256D5A6B0007B4EF /* SwiftBreakTests.swift in Sources */ = {isa = PBXBuildFile; fileRef = F3C514AF256D5A6B0007B4EF /* SwiftBreakTests.swift */; };
		F3C514B8256D5AF20007B4EF /* LineBreaker.swift in Sources */ = {isa = PBXBuildFile; fileRef = F3ACE012256BB5D4009D6F8A /* LineBreaker.swift */; };
		F3E58A8B2566B32D001E31B2 /* Assets.xcassets in Resources */ = {isa = PBXBuildFile; fileRef = F3E58A8A2566B32D001E31B2 /* Assets.xcassets */; };
		F3E58A9E2566B346001E31B2 /* Cocoa.framework in Frameworks */ = {isa = PBXBuildFile; fileRef = F3E58A9D2566B346001E31B2 /* Cocoa.framework */; };
		F3E58AA32566B346001E31B2 /* SourceEditorExtension.swift in Sources */ = {isa = PBXBuildFile; fileRef = F3E58AA22566B346001E31B2 /* SourceEditorExtension.swift */; };
		F3E58AA52566B346001E31B2 /* SourceEditorCommand.swift in Sources */ = {isa = PBXBuildFile; fileRef = F3E58AA42566B346001E31B2 /* SourceEditorCommand.swift */; };
		F3E58AAA2566B346001E31B2 /* Swift Break.appex in Embed App Extensions */ = {isa = PBXBuildFile; fileRef = F3E58A9B2566B346001E31B2 /* Swift Break.appex */; settings = {ATTRIBUTES = (RemoveHeadersOnCopy, ); }; };
		F3E5D469256C31CA009C57AD /* XcodeKit.framework in Frameworks */ = {isa = PBXBuildFile; fileRef = F3E58AB82566B570001E31B2 /* XcodeKit.framework */; };
		F3E5D46A256C31CA009C57AD /* XcodeKit.framework in Embed Frameworks */ = {isa = PBXBuildFile; fileRef = F3E58AB82566B570001E31B2 /* XcodeKit.framework */; settings = {ATTRIBUTES = (RemoveHeadersOnCopy, ); }; };
		F3E5D46D256C3820009C57AD /* UserDefaultsConfig.swift in Sources */ = {isa = PBXBuildFile; fileRef = F3E5D46C256C3820009C57AD /* UserDefaultsConfig.swift */; };
		F3E5D46E256C3820009C57AD /* UserDefaultsConfig.swift in Sources */ = {isa = PBXBuildFile; fileRef = F3E5D46C256C3820009C57AD /* UserDefaultsConfig.swift */; };
/* End PBXBuildFile section */

/* Begin PBXContainerItemProxy section */
		F3C514B2256D5A6B0007B4EF /* PBXContainerItemProxy */ = {
			isa = PBXContainerItemProxy;
			containerPortal = F3E58A7B2566B32B001E31B2 /* Project object */;
			proxyType = 1;
			remoteGlobalIDString = F3E58A822566B32B001E31B2;
			remoteInfo = SwiftBreak;
		};
		F3E58AA82566B346001E31B2 /* PBXContainerItemProxy */ = {
			isa = PBXContainerItemProxy;
			containerPortal = F3E58A7B2566B32B001E31B2 /* Project object */;
			proxyType = 1;
			remoteGlobalIDString = F3E58A9A2566B346001E31B2;
			remoteInfo = SwiftBreakExtension;
		};
/* End PBXContainerItemProxy section */

/* Begin PBXCopyFilesBuildPhase section */
		F3E58AAE2566B346001E31B2 /* Embed App Extensions */ = {
			isa = PBXCopyFilesBuildPhase;
			buildActionMask = 2147483647;
			dstPath = "";
			dstSubfolderSpec = 13;
			files = (
				F3E58AAA2566B346001E31B2 /* Swift Break.appex in Embed App Extensions */,
			);
			name = "Embed App Extensions";
			runOnlyForDeploymentPostprocessing = 0;
		};
		F3E58AC22566B601001E31B2 /* Embed Libraries */ = {
			isa = PBXCopyFilesBuildPhase;
			buildActionMask = 2147483647;
			dstPath = "";
			dstSubfolderSpec = 10;
			files = (
			);
			name = "Embed Libraries";
			runOnlyForDeploymentPostprocessing = 0;
		};
		F3E5D46B256C31CA009C57AD /* Embed Frameworks */ = {
			isa = PBXCopyFilesBuildPhase;
			buildActionMask = 2147483647;
			dstPath = "";
			dstSubfolderSpec = 10;
			files = (
				F3E5D46A256C31CA009C57AD /* XcodeKit.framework in Embed Frameworks */,
			);
			name = "Embed Frameworks";
			runOnlyForDeploymentPostprocessing = 0;
		};
/* End PBXCopyFilesBuildPhase section */

/* Begin PBXFileReference section */
		F35FD6FF256D45AA004A8194 /* AppDelegate.swift */ = {isa = PBXFileReference; lastKnownFileType = sourcecode.swift; path = AppDelegate.swift; sourceTree = "<group>"; };
		F35FD71D256D484C004A8194 /* main.swift */ = {isa = PBXFileReference; lastKnownFileType = sourcecode.swift; path = main.swift; sourceTree = "<group>"; };
		F37D928B256C460F003E18D1 /* MainView.swift */ = {isa = PBXFileReference; lastKnownFileType = sourcecode.swift; path = MainView.swift; sourceTree = "<group>"; };
		F37D928D256C4690003E18D1 /* App.swift */ = {isa = PBXFileReference; lastKnownFileType = sourcecode.swift; path = App.swift; sourceTree = "<group>"; };
		F39BD055256D4F610001719E /* MainMenu.xib */ = {isa = PBXFileReference; lastKnownFileType = file.xib; path = MainMenu.xib; sourceTree = "<group>"; };
		F3ACE012256BB5D4009D6F8A /* LineBreaker.swift */ = {isa = PBXFileReference; lastKnownFileType = sourcecode.swift; path = LineBreaker.swift; sourceTree = "<group>"; };
		F3B469FB256D307800260402 /* MainViewModel.swift */ = {isa = PBXFileReference; lastKnownFileType = sourcecode.swift; path = MainViewModel.swift; sourceTree = "<group>"; };
		F3B469FD256D30F900260402 /* Bundle+Version.swift */ = {isa = PBXFileReference; lastKnownFileType = sourcecode.swift; path = "Bundle+Version.swift"; sourceTree = "<group>"; };
		F3C514AD256D5A6B0007B4EF /* SwiftBreakTests.xctest */ = {isa = PBXFileReference; explicitFileType = wrapper.cfbundle; includeInIndex = 0; path = SwiftBreakTests.xctest; sourceTree = BUILT_PRODUCTS_DIR; };
		F3C514AF256D5A6B0007B4EF /* SwiftBreakTests.swift */ = {isa = PBXFileReference; lastKnownFileType = sourcecode.swift; path = SwiftBreakTests.swift; sourceTree = "<group>"; };
		F3C514B1256D5A6B0007B4EF /* Info.plist */ = {isa = PBXFileReference; lastKnownFileType = text.plist.xml; path = Info.plist; sourceTree = "<group>"; };
		F3E58A832566B32B001E31B2 /* SwiftBreak.app */ = {isa = PBXFileReference; explicitFileType = wrapper.application; includeInIndex = 0; path = SwiftBreak.app; sourceTree = BUILT_PRODUCTS_DIR; };
		F3E58A8A2566B32D001E31B2 /* Assets.xcassets */ = {isa = PBXFileReference; lastKnownFileType = folder.assetcatalog; path = Assets.xcassets; sourceTree = "<group>"; };
		F3E58A8F2566B32D001E31B2 /* Info.plist */ = {isa = PBXFileReference; lastKnownFileType = text.plist.xml; path = Info.plist; sourceTree = "<group>"; };
		F3E58A902566B32D001E31B2 /* SwiftBreak.entitlements */ = {isa = PBXFileReference; lastKnownFileType = text.plist.entitlements; path = SwiftBreak.entitlements; sourceTree = "<group>"; };
		F3E58A9B2566B346001E31B2 /* Swift Break.appex */ = {isa = PBXFileReference; explicitFileType = "wrapper.app-extension"; includeInIndex = 0; path = "Swift Break.appex"; sourceTree = BUILT_PRODUCTS_DIR; };
		F3E58A9D2566B346001E31B2 /* Cocoa.framework */ = {isa = PBXFileReference; lastKnownFileType = wrapper.framework; name = Cocoa.framework; path = System/Library/Frameworks/Cocoa.framework; sourceTree = SDKROOT; };
		F3E58A9F2566B346001E31B2 /* XcodeKit.framework */ = {isa = PBXFileReference; lastKnownFileType = wrapper.framework; name = XcodeKit.framework; path = Library/Frameworks/XcodeKit.framework; sourceTree = DEVELOPER_DIR; };
		F3E58AA22566B346001E31B2 /* SourceEditorExtension.swift */ = {isa = PBXFileReference; lastKnownFileType = sourcecode.swift; path = SourceEditorExtension.swift; sourceTree = "<group>"; };
		F3E58AA42566B346001E31B2 /* SourceEditorCommand.swift */ = {isa = PBXFileReference; lastKnownFileType = sourcecode.swift; path = SourceEditorCommand.swift; sourceTree = "<group>"; };
		F3E58AA62566B346001E31B2 /* Info.plist */ = {isa = PBXFileReference; lastKnownFileType = text.plist.xml; path = Info.plist; sourceTree = "<group>"; };
		F3E58AA72566B346001E31B2 /* SwiftBreakExtension.entitlements */ = {isa = PBXFileReference; lastKnownFileType = text.plist.entitlements; path = SwiftBreakExtension.entitlements; sourceTree = "<group>"; };
		F3E58AB82566B570001E31B2 /* XcodeKit.framework */ = {isa = PBXFileReference; lastKnownFileType = wrapper.framework; name = XcodeKit.framework; path = Library/Frameworks/XcodeKit.framework; sourceTree = DEVELOPER_DIR; };
		F3E5D46C256C3820009C57AD /* UserDefaultsConfig.swift */ = {isa = PBXFileReference; lastKnownFileType = sourcecode.swift; path = UserDefaultsConfig.swift; sourceTree = "<group>"; };
/* End PBXFileReference section */

/* Begin PBXFrameworksBuildPhase section */
		F3C514AA256D5A6B0007B4EF /* Frameworks */ = {
			isa = PBXFrameworksBuildPhase;
			buildActionMask = 2147483647;
			files = (
			);
			runOnlyForDeploymentPostprocessing = 0;
		};
		F3E58A802566B32B001E31B2 /* Frameworks */ = {
			isa = PBXFrameworksBuildPhase;
			buildActionMask = 2147483647;
			files = (
			);
			runOnlyForDeploymentPostprocessing = 0;
		};
		F3E58A982566B346001E31B2 /* Frameworks */ = {
			isa = PBXFrameworksBuildPhase;
			buildActionMask = 2147483647;
			files = (
				F3E58A9E2566B346001E31B2 /* Cocoa.framework in Frameworks */,
				F3E5D469256C31CA009C57AD /* XcodeKit.framework in Frameworks */,
			);
			runOnlyForDeploymentPostprocessing = 0;
		};
/* End PBXFrameworksBuildPhase section */

/* Begin PBXGroup section */
		F3B469FA256D306900260402 /* UI */ = {
			isa = PBXGroup;
			children = (
				F3B469FB256D307800260402 /* MainViewModel.swift */,
				F37D928B256C460F003E18D1 /* MainView.swift */,
			);
			path = UI;
			sourceTree = "<group>";
		};
		F3C514AE256D5A6B0007B4EF /* SwiftBreakTests */ = {
			isa = PBXGroup;
			children = (
				F3C514AF256D5A6B0007B4EF /* SwiftBreakTests.swift */,
				F3C514B1256D5A6B0007B4EF /* Info.plist */,
			);
			path = SwiftBreakTests;
			sourceTree = "<group>";
		};
		F3E58A7A2566B32B001E31B2 = {
			isa = PBXGroup;
			children = (
				F3E58A852566B32B001E31B2 /* SwiftBreak */,
				F3E58AA12566B346001E31B2 /* SwiftBreakExtension */,
				F3C514AE256D5A6B0007B4EF /* SwiftBreakTests */,
				F3E58A9C2566B346001E31B2 /* Frameworks */,
				F3E58A842566B32B001E31B2 /* Products */,
			);
			sourceTree = "<group>";
		};
		F3E58A842566B32B001E31B2 /* Products */ = {
			isa = PBXGroup;
			children = (
				F3E58A832566B32B001E31B2 /* SwiftBreak.app */,
				F3E58A9B2566B346001E31B2 /* Swift Break.appex */,
				F3C514AD256D5A6B0007B4EF /* SwiftBreakTests.xctest */,
			);
			name = Products;
			sourceTree = "<group>";
		};
		F3E58A852566B32B001E31B2 /* SwiftBreak */ = {
			isa = PBXGroup;
			children = (
				F35FD71D256D484C004A8194 /* main.swift */,
				F35FD6FF256D45AA004A8194 /* AppDelegate.swift */,
				F37D928D256C4690003E18D1 /* App.swift */,
				F3B469FA256D306900260402 /* UI */,
				F3E5D46C256C3820009C57AD /* UserDefaultsConfig.swift */,
				F3B469FD256D30F900260402 /* Bundle+Version.swift */,
				F3E58A8A2566B32D001E31B2 /* Assets.xcassets */,
				F3E58A8F2566B32D001E31B2 /* Info.plist */,
				F3E58A902566B32D001E31B2 /* SwiftBreak.entitlements */,
				F39BD055256D4F610001719E /* MainMenu.xib */,
			);
			path = SwiftBreak;
			sourceTree = "<group>";
		};
		F3E58A9C2566B346001E31B2 /* Frameworks */ = {
			isa = PBXGroup;
			children = (
				F3E58AB82566B570001E31B2 /* XcodeKit.framework */,
				F3E58A9D2566B346001E31B2 /* Cocoa.framework */,
				F3E58A9F2566B346001E31B2 /* XcodeKit.framework */,
			);
			name = Frameworks;
			sourceTree = "<group>";
		};
		F3E58AA12566B346001E31B2 /* SwiftBreakExtension */ = {
			isa = PBXGroup;
			children = (
				F3E58AA22566B346001E31B2 /* SourceEditorExtension.swift */,
				F3E58AA42566B346001E31B2 /* SourceEditorCommand.swift */,
				F3ACE012256BB5D4009D6F8A /* LineBreaker.swift */,
				F3E58AA62566B346001E31B2 /* Info.plist */,
				F3E58AA72566B346001E31B2 /* SwiftBreakExtension.entitlements */,
			);
			path = SwiftBreakExtension;
			sourceTree = "<group>";
		};
/* End PBXGroup section */

/* Begin PBXNativeTarget section */
		F3C514AC256D5A6B0007B4EF /* SwiftBreakTests */ = {
			isa = PBXNativeTarget;
			buildConfigurationList = F3C514B6256D5A6B0007B4EF /* Build configuration list for PBXNativeTarget "SwiftBreakTests" */;
			buildPhases = (
				F3C514A9256D5A6B0007B4EF /* Sources */,
				F3C514AA256D5A6B0007B4EF /* Frameworks */,
				F3C514AB256D5A6B0007B4EF /* Resources */,
			);
			buildRules = (
			);
			dependencies = (
				F3C514B3256D5A6B0007B4EF /* PBXTargetDependency */,
			);
			name = SwiftBreakTests;
			productName = SwiftBreakTests;
			productReference = F3C514AD256D5A6B0007B4EF /* SwiftBreakTests.xctest */;
			productType = "com.apple.product-type.bundle.unit-test";
		};
		F3E58A822566B32B001E31B2 /* SwiftBreak */ = {
			isa = PBXNativeTarget;
			buildConfigurationList = F3E58A932566B32D001E31B2 /* Build configuration list for PBXNativeTarget "SwiftBreak" */;
			buildPhases = (
				F3E58A7F2566B32B001E31B2 /* Sources */,
				F3E58A802566B32B001E31B2 /* Frameworks */,
				F3E58A812566B32B001E31B2 /* Resources */,
				F3E58AAE2566B346001E31B2 /* Embed App Extensions */,
				F3E58AC22566B601001E31B2 /* Embed Libraries */,
			);
			buildRules = (
			);
			dependencies = (
				F3E58AA92566B346001E31B2 /* PBXTargetDependency */,
			);
			name = SwiftBreak;
			packageProductDependencies = (
			);
			productName = SwiftBreak;
			productReference = F3E58A832566B32B001E31B2 /* SwiftBreak.app */;
			productType = "com.apple.product-type.application";
		};
		F3E58A9A2566B346001E31B2 /* Swift Break */ = {
			isa = PBXNativeTarget;
			buildConfigurationList = F3E58AAB2566B346001E31B2 /* Build configuration list for PBXNativeTarget "Swift Break" */;
			buildPhases = (
				F3E58A972566B346001E31B2 /* Sources */,
				F3E58A982566B346001E31B2 /* Frameworks */,
				F3E58A992566B346001E31B2 /* Resources */,
				F3E5D46B256C31CA009C57AD /* Embed Frameworks */,
			);
			buildRules = (
			);
			dependencies = (
			);
			name = "Swift Break";
			productName = SwiftBreakExtension;
			productReference = F3E58A9B2566B346001E31B2 /* Swift Break.appex */;
			productType = "com.apple.product-type.xcode-extension";
		};
/* End PBXNativeTarget section */

/* Begin PBXProject section */
		F3E58A7B2566B32B001E31B2 /* Project object */ = {
			isa = PBXProject;
			attributes = {
				LastSwiftUpdateCheck = 1220;
				LastUpgradeCheck = 1220;
				TargetAttributes = {
					F3C514AC256D5A6B0007B4EF = {
						CreatedOnToolsVersion = 12.2;
						TestTargetID = F3E58A822566B32B001E31B2;
					};
					F3E58A822566B32B001E31B2 = {
						CreatedOnToolsVersion = 12.2;
					};
					F3E58A9A2566B346001E31B2 = {
						CreatedOnToolsVersion = 12.2;
					};
				};
			};
			buildConfigurationList = F3E58A7E2566B32B001E31B2 /* Build configuration list for PBXProject "SwiftBreak" */;
			compatibilityVersion = "Xcode 9.3";
			developmentRegion = en;
			hasScannedForEncodings = 0;
			knownRegions = (
				en,
				Base,
			);
			mainGroup = F3E58A7A2566B32B001E31B2;
			packageReferences = (
			);
			productRefGroup = F3E58A842566B32B001E31B2 /* Products */;
			projectDirPath = "";
			projectRoot = "";
			targets = (
				F3E58A822566B32B001E31B2 /* SwiftBreak */,
				F3E58A9A2566B346001E31B2 /* Swift Break */,
				F3C514AC256D5A6B0007B4EF /* SwiftBreakTests */,
			);
		};
/* End PBXProject section */

/* Begin PBXResourcesBuildPhase section */
		F3C514AB256D5A6B0007B4EF /* Resources */ = {
			isa = PBXResourcesBuildPhase;
			buildActionMask = 2147483647;
			files = (
			);
			runOnlyForDeploymentPostprocessing = 0;
		};
		F3E58A812566B32B001E31B2 /* Resources */ = {
			isa = PBXResourcesBuildPhase;
			buildActionMask = 2147483647;
			files = (
				F3E58A8B2566B32D001E31B2 /* Assets.xcassets in Resources */,
				F39BD056256D4F610001719E /* MainMenu.xib in Resources */,
			);
			runOnlyForDeploymentPostprocessing = 0;
		};
		F3E58A992566B346001E31B2 /* Resources */ = {
			isa = PBXResourcesBuildPhase;
			buildActionMask = 2147483647;
			files = (
			);
			runOnlyForDeploymentPostprocessing = 0;
		};
/* End PBXResourcesBuildPhase section */

/* Begin PBXSourcesBuildPhase section */
		F3C514A9256D5A6B0007B4EF /* Sources */ = {
			isa = PBXSourcesBuildPhase;
			buildActionMask = 2147483647;
			files = (
				F3C514B0256D5A6B0007B4EF /* SwiftBreakTests.swift in Sources */,
			);
			runOnlyForDeploymentPostprocessing = 0;
		};
		F3E58A7F2566B32B001E31B2 /* Sources */ = {
			isa = PBXSourcesBuildPhase;
			buildActionMask = 2147483647;
			files = (
				F3C514B8256D5AF20007B4EF /* LineBreaker.swift in Sources */,
				F35FD700256D45AA004A8194 /* AppDelegate.swift in Sources */,
				F35FD71E256D484C004A8194 /* main.swift in Sources */,
				F37D928C256C460F003E18D1 /* MainView.swift in Sources */,
				F37D928E256C4690003E18D1 /* App.swift in Sources */,
				F3B469FE256D30F900260402 /* Bundle+Version.swift in Sources */,
				F3E5D46D256C3820009C57AD /* UserDefaultsConfig.swift in Sources */,
				F3B469FC256D307800260402 /* MainViewModel.swift in Sources */,
			);
			runOnlyForDeploymentPostprocessing = 0;
		};
		F3E58A972566B346001E31B2 /* Sources */ = {
			isa = PBXSourcesBuildPhase;
			buildActionMask = 2147483647;
			files = (
				F3E5D46E256C3820009C57AD /* UserDefaultsConfig.swift in Sources */,
				F3ACE013256BB5D4009D6F8A /* LineBreaker.swift in Sources */,
				F3E58AA32566B346001E31B2 /* SourceEditorExtension.swift in Sources */,
				F3E58AA52566B346001E31B2 /* SourceEditorCommand.swift in Sources */,
			);
			runOnlyForDeploymentPostprocessing = 0;
		};
/* End PBXSourcesBuildPhase section */

/* Begin PBXTargetDependency section */
		F3C514B3256D5A6B0007B4EF /* PBXTargetDependency */ = {
			isa = PBXTargetDependency;
			target = F3E58A822566B32B001E31B2 /* SwiftBreak */;
			targetProxy = F3C514B2256D5A6B0007B4EF /* PBXContainerItemProxy */;
		};
		F3E58AA92566B346001E31B2 /* PBXTargetDependency */ = {
			isa = PBXTargetDependency;
			target = F3E58A9A2566B346001E31B2 /* Swift Break */;
			targetProxy = F3E58AA82566B346001E31B2 /* PBXContainerItemProxy */;
		};
/* End PBXTargetDependency section */

/* Begin XCBuildConfiguration section */
		F3C514B4256D5A6B0007B4EF /* Debug */ = {
			isa = XCBuildConfiguration;
			buildSettings = {
				BUNDLE_LOADER = "$(TEST_HOST)";
				CODE_SIGN_STYLE = Automatic;
				COMBINE_HIDPI_IMAGES = YES;
				DEVELOPMENT_TEAM = FGA89NJBJF;
				INFOPLIST_FILE = SwiftBreakTests/Info.plist;
				LD_RUNPATH_SEARCH_PATHS = (
					"$(inherited)",
					"@executable_path/../Frameworks",
					"@loader_path/../Frameworks",
				);
				PRODUCT_BUNDLE_IDENTIFIER = co.hellobit.SwiftBreakTests;
				PRODUCT_NAME = "$(TARGET_NAME)";
				SWIFT_VERSION = 5.0;
				TEST_HOST = "$(BUILT_PRODUCTS_DIR)/SwiftBreak.app/Contents/MacOS/SwiftBreak";
			};
			name = Debug;
		};
		F3C514B5256D5A6B0007B4EF /* Release */ = {
			isa = XCBuildConfiguration;
			buildSettings = {
				BUNDLE_LOADER = "$(TEST_HOST)";
				CODE_SIGN_STYLE = Automatic;
				COMBINE_HIDPI_IMAGES = YES;
				DEVELOPMENT_TEAM = FGA89NJBJF;
				INFOPLIST_FILE = SwiftBreakTests/Info.plist;
				LD_RUNPATH_SEARCH_PATHS = (
					"$(inherited)",
					"@executable_path/../Frameworks",
					"@loader_path/../Frameworks",
				);
				PRODUCT_BUNDLE_IDENTIFIER = co.hellobit.SwiftBreakTests;
				PRODUCT_NAME = "$(TARGET_NAME)";
				SWIFT_VERSION = 5.0;
				TEST_HOST = "$(BUILT_PRODUCTS_DIR)/SwiftBreak.app/Contents/MacOS/SwiftBreak";
			};
			name = Release;
		};
		F3E58A912566B32D001E31B2 /* Debug */ = {
			isa = XCBuildConfiguration;
			buildSettings = {
				ALWAYS_SEARCH_USER_PATHS = NO;
				CLANG_ANALYZER_NONNULL = YES;
				CLANG_ANALYZER_NUMBER_OBJECT_CONVERSION = YES_AGGRESSIVE;
				CLANG_CXX_LANGUAGE_STANDARD = "gnu++14";
				CLANG_CXX_LIBRARY = "libc++";
				CLANG_ENABLE_MODULES = YES;
				CLANG_ENABLE_OBJC_ARC = YES;
				CLANG_ENABLE_OBJC_WEAK = YES;
				CLANG_WARN_BLOCK_CAPTURE_AUTORELEASING = YES;
				CLANG_WARN_BOOL_CONVERSION = YES;
				CLANG_WARN_COMMA = YES;
				CLANG_WARN_CONSTANT_CONVERSION = YES;
				CLANG_WARN_DEPRECATED_OBJC_IMPLEMENTATIONS = YES;
				CLANG_WARN_DIRECT_OBJC_ISA_USAGE = YES_ERROR;
				CLANG_WARN_DOCUMENTATION_COMMENTS = YES;
				CLANG_WARN_EMPTY_BODY = YES;
				CLANG_WARN_ENUM_CONVERSION = YES;
				CLANG_WARN_INFINITE_RECURSION = YES;
				CLANG_WARN_INT_CONVERSION = YES;
				CLANG_WARN_NON_LITERAL_NULL_CONVERSION = YES;
				CLANG_WARN_OBJC_IMPLICIT_RETAIN_SELF = YES;
				CLANG_WARN_OBJC_LITERAL_CONVERSION = YES;
				CLANG_WARN_OBJC_ROOT_CLASS = YES_ERROR;
				CLANG_WARN_QUOTED_INCLUDE_IN_FRAMEWORK_HEADER = YES;
				CLANG_WARN_RANGE_LOOP_ANALYSIS = YES;
				CLANG_WARN_STRICT_PROTOTYPES = YES;
				CLANG_WARN_SUSPICIOUS_MOVE = YES;
				CLANG_WARN_UNGUARDED_AVAILABILITY = YES_AGGRESSIVE;
				CLANG_WARN_UNREACHABLE_CODE = YES;
				CLANG_WARN__DUPLICATE_METHOD_MATCH = YES;
				COPY_PHASE_STRIP = NO;
				DEBUG_INFORMATION_FORMAT = dwarf;
				ENABLE_STRICT_OBJC_MSGSEND = YES;
				ENABLE_TESTABILITY = YES;
				GCC_C_LANGUAGE_STANDARD = gnu11;
				GCC_DYNAMIC_NO_PIC = NO;
				GCC_NO_COMMON_BLOCKS = YES;
				GCC_OPTIMIZATION_LEVEL = 0;
				GCC_PREPROCESSOR_DEFINITIONS = (
					"DEBUG=1",
					"$(inherited)",
				);
				GCC_WARN_64_TO_32_BIT_CONVERSION = YES;
				GCC_WARN_ABOUT_RETURN_TYPE = YES_ERROR;
				GCC_WARN_UNDECLARED_SELECTOR = YES;
				GCC_WARN_UNINITIALIZED_AUTOS = YES_AGGRESSIVE;
				GCC_WARN_UNUSED_FUNCTION = YES;
				GCC_WARN_UNUSED_VARIABLE = YES;
				MACOSX_DEPLOYMENT_TARGET = 11.0;
				MTL_ENABLE_DEBUG_INFO = INCLUDE_SOURCE;
				MTL_FAST_MATH = YES;
				ONLY_ACTIVE_ARCH = YES;
				SDKROOT = macosx;
				SWIFT_ACTIVE_COMPILATION_CONDITIONS = DEBUG;
				SWIFT_OPTIMIZATION_LEVEL = "-Onone";
			};
			name = Debug;
		};
		F3E58A922566B32D001E31B2 /* Release */ = {
			isa = XCBuildConfiguration;
			buildSettings = {
				ALWAYS_SEARCH_USER_PATHS = NO;
				CLANG_ANALYZER_NONNULL = YES;
				CLANG_ANALYZER_NUMBER_OBJECT_CONVERSION = YES_AGGRESSIVE;
				CLANG_CXX_LANGUAGE_STANDARD = "gnu++14";
				CLANG_CXX_LIBRARY = "libc++";
				CLANG_ENABLE_MODULES = YES;
				CLANG_ENABLE_OBJC_ARC = YES;
				CLANG_ENABLE_OBJC_WEAK = YES;
				CLANG_WARN_BLOCK_CAPTURE_AUTORELEASING = YES;
				CLANG_WARN_BOOL_CONVERSION = YES;
				CLANG_WARN_COMMA = YES;
				CLANG_WARN_CONSTANT_CONVERSION = YES;
				CLANG_WARN_DEPRECATED_OBJC_IMPLEMENTATIONS = YES;
				CLANG_WARN_DIRECT_OBJC_ISA_USAGE = YES_ERROR;
				CLANG_WARN_DOCUMENTATION_COMMENTS = YES;
				CLANG_WARN_EMPTY_BODY = YES;
				CLANG_WARN_ENUM_CONVERSION = YES;
				CLANG_WARN_INFINITE_RECURSION = YES;
				CLANG_WARN_INT_CONVERSION = YES;
				CLANG_WARN_NON_LITERAL_NULL_CONVERSION = YES;
				CLANG_WARN_OBJC_IMPLICIT_RETAIN_SELF = YES;
				CLANG_WARN_OBJC_LITERAL_CONVERSION = YES;
				CLANG_WARN_OBJC_ROOT_CLASS = YES_ERROR;
				CLANG_WARN_QUOTED_INCLUDE_IN_FRAMEWORK_HEADER = YES;
				CLANG_WARN_RANGE_LOOP_ANALYSIS = YES;
				CLANG_WARN_STRICT_PROTOTYPES = YES;
				CLANG_WARN_SUSPICIOUS_MOVE = YES;
				CLANG_WARN_UNGUARDED_AVAILABILITY = YES_AGGRESSIVE;
				CLANG_WARN_UNREACHABLE_CODE = YES;
				CLANG_WARN__DUPLICATE_METHOD_MATCH = YES;
				COPY_PHASE_STRIP = NO;
				DEBUG_INFORMATION_FORMAT = "dwarf-with-dsym";
				ENABLE_NS_ASSERTIONS = NO;
				ENABLE_STRICT_OBJC_MSGSEND = YES;
				GCC_C_LANGUAGE_STANDARD = gnu11;
				GCC_NO_COMMON_BLOCKS = YES;
				GCC_WARN_64_TO_32_BIT_CONVERSION = YES;
				GCC_WARN_ABOUT_RETURN_TYPE = YES_ERROR;
				GCC_WARN_UNDECLARED_SELECTOR = YES;
				GCC_WARN_UNINITIALIZED_AUTOS = YES_AGGRESSIVE;
				GCC_WARN_UNUSED_FUNCTION = YES;
				GCC_WARN_UNUSED_VARIABLE = YES;
				MACOSX_DEPLOYMENT_TARGET = 11.0;
				MTL_ENABLE_DEBUG_INFO = NO;
				MTL_FAST_MATH = YES;
				SDKROOT = macosx;
				SWIFT_COMPILATION_MODE = wholemodule;
				SWIFT_OPTIMIZATION_LEVEL = "-O";
			};
			name = Release;
		};
		F3E58A942566B32D001E31B2 /* Debug */ = {
			isa = XCBuildConfiguration;
			buildSettings = {
				ALWAYS_EMBED_SWIFT_STANDARD_LIBRARIES = YES;
				ASSETCATALOG_COMPILER_APPICON_NAME = AppIcon;
				ASSETCATALOG_COMPILER_GLOBAL_ACCENT_COLOR_NAME = AccentColor;
				CODE_SIGN_ENTITLEMENTS = SwiftBreak/SwiftBreak.entitlements;
				CODE_SIGN_STYLE = Automatic;
				COMBINE_HIDPI_IMAGES = YES;
				CURRENT_PROJECT_VERSION = 3;
				DEVELOPMENT_TEAM = FGA89NJBJF;
				ENABLE_HARDENED_RUNTIME = YES;
				INFOPLIST_FILE = SwiftBreak/Info.plist;
				LD_RUNPATH_SEARCH_PATHS = (
					"$(inherited)",
					"@executable_path/../Frameworks",
				);
				LIBRARY_SEARCH_PATHS = (
					"$(inherited)",
					"$(PROJECT_DIR)/SwiftBreak",
				);
				MACOSX_DEPLOYMENT_TARGET = 10.15;
				MARKETING_VERSION = 1.1.1;
				PRODUCT_BUNDLE_IDENTIFIER = co.hellobit.SwiftBreak;
				PRODUCT_NAME = "$(TARGET_NAME)";
				SWIFT_VERSION = 5.0;
			};
			name = Debug;
		};
		F3E58A952566B32D001E31B2 /* Release */ = {
			isa = XCBuildConfiguration;
			buildSettings = {
				ALWAYS_EMBED_SWIFT_STANDARD_LIBRARIES = YES;
				ASSETCATALOG_COMPILER_APPICON_NAME = AppIcon;
				ASSETCATALOG_COMPILER_GLOBAL_ACCENT_COLOR_NAME = AccentColor;
				CODE_SIGN_ENTITLEMENTS = SwiftBreak/SwiftBreak.entitlements;
				CODE_SIGN_STYLE = Automatic;
				COMBINE_HIDPI_IMAGES = YES;
				CURRENT_PROJECT_VERSION = 3;
				DEVELOPMENT_TEAM = FGA89NJBJF;
				ENABLE_HARDENED_RUNTIME = YES;
				INFOPLIST_FILE = SwiftBreak/Info.plist;
				LD_RUNPATH_SEARCH_PATHS = (
					"$(inherited)",
					"@executable_path/../Frameworks",
				);
				LIBRARY_SEARCH_PATHS = (
					"$(inherited)",
					"$(PROJECT_DIR)/SwiftBreak",
				);
				MACOSX_DEPLOYMENT_TARGET = 10.15;
				MARKETING_VERSION = 1.1.1;
				PRODUCT_BUNDLE_IDENTIFIER = co.hellobit.SwiftBreak;
				PRODUCT_NAME = "$(TARGET_NAME)";
				SWIFT_VERSION = 5.0;
			};
			name = Release;
		};
		F3E58AAC2566B346001E31B2 /* Debug */ = {
			isa = XCBuildConfiguration;
			buildSettings = {
				CODE_SIGN_ENTITLEMENTS = SwiftBreakExtension/SwiftBreakExtension.entitlements;
				CODE_SIGN_STYLE = Automatic;
				COMBINE_HIDPI_IMAGES = YES;
				CURRENT_PROJECT_VERSION = 3;
				DEVELOPMENT_TEAM = FGA89NJBJF;
				ENABLE_HARDENED_RUNTIME = YES;
				INFOPLIST_FILE = SwiftBreakExtension/Info.plist;
				LD_RUNPATH_SEARCH_PATHS = (
					"$(inherited)",
					"@executable_path/../Frameworks",
					"@executable_path/../../../../Frameworks",
				);
				MACOSX_DEPLOYMENT_TARGET = 10.15;
				MARKETING_VERSION = 1.1.1;
				PRODUCT_BUNDLE_IDENTIFIER = co.hellobit.SwiftBreak.SwiftBreakExtension;
				PRODUCT_NAME = "$(TARGET_NAME)";
				SKIP_INSTALL = YES;
				SWIFT_VERSION = 5.0;
			};
			name = Debug;
		};
		F3E58AAD2566B346001E31B2 /* Release */ = {
			isa = XCBuildConfiguration;
			buildSettings = {
				CODE_SIGN_ENTITLEMENTS = SwiftBreakExtension/SwiftBreakExtension.entitlements;
				CODE_SIGN_STYLE = Automatic;
				COMBINE_HIDPI_IMAGES = YES;
				CURRENT_PROJECT_VERSION = 3;
				DEVELOPMENT_TEAM = FGA89NJBJF;
				ENABLE_HARDENED_RUNTIME = YES;
				INFOPLIST_FILE = SwiftBreakExtension/Info.plist;
				LD_RUNPATH_SEARCH_PATHS = (
					"$(inherited)",
					"@executable_path/../Frameworks",
					"@executable_path/../../../../Frameworks",
				);
				MACOSX_DEPLOYMENT_TARGET = 10.15;
				MARKETING_VERSION = 1.1.1;
				PRODUCT_BUNDLE_IDENTIFIER = co.hellobit.SwiftBreak.SwiftBreakExtension;
				PRODUCT_NAME = "$(TARGET_NAME)";
				SKIP_INSTALL = YES;
				SWIFT_VERSION = 5.0;
			};
			name = Release;
		};
/* End XCBuildConfiguration section */

/* Begin XCConfigurationList section */
		F3C514B6256D5A6B0007B4EF /* Build configuration list for PBXNativeTarget "SwiftBreakTests" */ = {
			isa = XCConfigurationList;
			buildConfigurations = (
				F3C514B4256D5A6B0007B4EF /* Debug */,
				F3C514B5256D5A6B0007B4EF /* Release */,
			);
			defaultConfigurationIsVisible = 0;
			defaultConfigurationName = Release;
		};
		F3E58A7E2566B32B001E31B2 /* Build configuration list for PBXProject "SwiftBreak" */ = {
			isa = XCConfigurationList;
			buildConfigurations = (
				F3E58A912566B32D001E31B2 /* Debug */,
				F3E58A922566B32D001E31B2 /* Release */,
			);
			defaultConfigurationIsVisible = 0;
			defaultConfigurationName = Release;
		};
		F3E58A932566B32D001E31B2 /* Build configuration list for PBXNativeTarget "SwiftBreak" */ = {
			isa = XCConfigurationList;
			buildConfigurations = (
				F3E58A942566B32D001E31B2 /* Debug */,
				F3E58A952566B32D001E31B2 /* Release */,
			);
			defaultConfigurationIsVisible = 0;
			defaultConfigurationName = Release;
		};
		F3E58AAB2566B346001E31B2 /* Build configuration list for PBXNativeTarget "Swift Break" */ = {
			isa = XCConfigurationList;
			buildConfigurations = (
				F3E58AAC2566B346001E31B2 /* Debug */,
				F3E58AAD2566B346001E31B2 /* Release */,
			);
			defaultConfigurationIsVisible = 0;
			defaultConfigurationName = Release;
		};
/* End XCConfigurationList section */
	};
	rootObject = F3E58A7B2566B32B001E31B2 /* Project object */;
}
